
Microsoft Visual Studio Solution File, Format Version 12.00
# Visual Studio Version 17
VisualStudioVersion = 17.10.35122.118
MinimumVisualStudioVersion = 10.0.40219.1
Project("{FAE04EC0-301F-11D3-BF4B-00C04F79EFBC}") = "PinnacleData", "PinnacleData\PinnacleData.csproj", "{F88E3302-176C-4195-AA14-4778CE80ABD8}"
EndProject
Global
	GlobalSection(SolutionConfigurationPlatforms) = preSolution
		Debug|Any CPU = Debug|Any CPU
		Release|Any CPU = Release|Any CPU
	EndGlobalSection
	GlobalSection(ProjectConfigurationPlatforms) = postSolution
		{F88E3302-176C-4195-AA14-4778CE80ABD8}.Debug|Any CPU.ActiveCfg = Debug|Any CPU
		{F88E3302-176C-4195-AA14-4778CE80ABD8}.Debug|Any CPU.Build.0 = Debug|Any CPU
		{F88E3302-176C-4195-AA14-4778CE80ABD8}.Release|Any CPU.ActiveCfg = Release|Any CPU
		{F88E3302-176C-4195-AA14-4778CE80ABD8}.Release|Any CPU.Build.0 = Release|Any CPU
	EndGlobalSection
	GlobalSection(SolutionProperties) = preSolution
		HideSolutionNode = FALSE
	EndGlobalSection
	GlobalSection(ExtensibilityGlobals) = postSolution
		SolutionGuid = {750BEC60-954D-45CF-8CA6-853589323F22}
	EndGlobalSection
EndGlobal
